
Microsoft Visual Studio Solution File, Format Version 12.00
# Visual Studio Version 17
VisualStudioVersion = 17.13.35931.197
MinimumVisualStudioVersion = 10.0.40219.1
Project("{FAE04EC0-301F-11D3-BF4B-00C04F79EFBC}") = "AluminiumStorageSystem.DAL", "AluminiumStorageSystem.DAL\AluminiumStorageSystem.DAL.csproj", "{05CE91D5-289B-425F-88F4-572B441024F7}"
EndProject
Project("{FAE04EC0-301F-11D3-BF4B-00C04F79EFBC}") = "AluminiumStorageSystem.BLL", "AluminiumStorageSystem.BLL\AluminiumStorageSystem.BLL.csproj", "{5E2B6FF7-834C-440D-BD8D-BB5ED08B9B5F}"
EndProject
Project("{FAE04EC0-301F-11D3-BF4B-00C04F79EFBC}") = "AluminiumStorageSystem.UI", "AluminiumStorageSystem.UI\AluminiumStorageSystem.UI.csproj", "{6424B14D-FB04-457A-ADCE-66ECD642DD37}"
EndProject
Project("{FAE04EC0-301F-11D3-BF4B-00C04F79EFBC}") = "AluminiumStorageSystem.CORE", "AluminiumStorageSystem.CORE\AluminiumStorageSystem.CORE.csproj", "{3D3D5500-8C71-4990-B9CD-CD74B93F1B1E}"
EndProject
Project("{FAE04EC0-301F-11D3-BF4B-00C04F79EFBC}") = "ForGebug", "ForGebug\ForGebug.csproj", "{C7B0B479-72A8-4756-BF7F-3DFE3B884C87}"
EndProject
Global
	GlobalSection(SolutionConfigurationPlatforms) = preSolution
		Debug|Any CPU = Debug|Any CPU
		Release|Any CPU = Release|Any CPU
	EndGlobalSection
	GlobalSection(ProjectConfigurationPlatforms) = postSolution
		{05CE91D5-289B-425F-88F4-572B441024F7}.Debug|Any CPU.ActiveCfg = Debug|Any CPU
		{05CE91D5-289B-425F-88F4-572B441024F7}.Debug|Any CPU.Build.0 = Debug|Any CPU
		{05CE91D5-289B-425F-88F4-572B441024F7}.Release|Any CPU.ActiveCfg = Release|Any CPU
		{05CE91D5-289B-425F-88F4-572B441024F7}.Release|Any CPU.Build.0 = Release|Any CPU
		{5E2B6FF7-834C-440D-BD8D-BB5ED08B9B5F}.Debug|Any CPU.ActiveCfg = Debug|Any CPU
		{5E2B6FF7-834C-440D-BD8D-BB5ED08B9B5F}.Debug|Any CPU.Build.0 = Debug|Any CPU
		{5E2B6FF7-834C-440D-BD8D-BB5ED08B9B5F}.Release|Any CPU.ActiveCfg = Release|Any CPU
		{5E2B6FF7-834C-440D-BD8D-BB5ED08B9B5F}.Release|Any CPU.Build.0 = Release|Any CPU
		{6424B14D-FB04-457A-ADCE-66ECD642DD37}.Debug|Any CPU.ActiveCfg = Debug|Any CPU
		{6424B14D-FB04-457A-ADCE-66ECD642DD37}.Debug|Any CPU.Build.0 = Debug|Any CPU
		{6424B14D-FB04-457A-ADCE-66ECD642DD37}.Release|Any CPU.ActiveCfg = Release|Any CPU
		{6424B14D-FB04-457A-ADCE-66ECD642DD37}.Release|Any CPU.Build.0 = Release|Any CPU
		{3D3D5500-8C71-4990-B9CD-CD74B93F1B1E}.Debug|Any CPU.ActiveCfg = Debug|Any CPU
		{3D3D5500-8C71-4990-B9CD-CD74B93F1B1E}.Debug|Any CPU.Build.0 = Debug|Any CPU
		{3D3D5500-8C71-4990-B9CD-CD74B93F1B1E}.Release|Any CPU.ActiveCfg = Release|Any CPU
		{3D3D5500-8C71-4990-B9CD-CD74B93F1B1E}.Release|Any CPU.Build.0 = Release|Any CPU
		{C7B0B479-72A8-4756-BF7F-3DFE3B884C87}.Debug|Any CPU.ActiveCfg = Debug|Any CPU
		{C7B0B479-72A8-4756-BF7F-3DFE3B884C87}.Debug|Any CPU.Build.0 = Debug|Any CPU
		{C7B0B479-72A8-4756-BF7F-3DFE3B884C87}.Release|Any CPU.ActiveCfg = Release|Any CPU
		{C7B0B479-72A8-4756-BF7F-3DFE3B884C87}.Release|Any CPU.Build.0 = Release|Any CPU
	EndGlobalSection
	GlobalSection(SolutionProperties) = preSolution
		HideSolutionNode = FALSE
	EndGlobalSection
	GlobalSection(ExtensibilityGlobals) = postSolution
		SolutionGuid = {978010C6-A1CB-403A-A966-14B5815D0A8A}
	EndGlobalSection
EndGlobal
